
Microsoft Visual Studio Solution File, Format Version 12.00
# Visual Studio Version 17
VisualStudioVersion = 17.1.32421.90
MinimumVisualStudioVersion = 10.0.40219.1
Project("{FAE04EC0-301F-11D3-BF4B-00C04F79EFBC}") = "LeetCodeTasksLibrary", "LeetCodeTasksLibrary\LeetCodeTasksLibrary.csproj", "{DCAD3673-D60C-4CD9-8285-B53A6D0BB759}"
EndProject
Project("{FAE04EC0-301F-11D3-BF4B-00C04F79EFBC}") = "LeetCodeTasksTests", "LeetCodeTasksTests\LeetCodeTasksTests.csproj", "{D8555EB3-F99F-457D-BE50-336D50C778A8}"
EndProject
Global
	GlobalSection(SolutionConfigurationPlatforms) = preSolution
		Debug|Any CPU = Debug|Any CPU
		Release|Any CPU = Release|Any CPU
	EndGlobalSection
	GlobalSection(ProjectConfigurationPlatforms) = postSolution
		{DCAD3673-D60C-4CD9-8285-B53A6D0BB759}.Debug|Any CPU.ActiveCfg = Debug|Any CPU
		{DCAD3673-D60C-4CD9-8285-B53A6D0BB759}.Debug|Any CPU.Build.0 = Debug|Any CPU
		{DCAD3673-D60C-4CD9-8285-B53A6D0BB759}.Release|Any CPU.ActiveCfg = Release|Any CPU
		{DCAD3673-D60C-4CD9-8285-B53A6D0BB759}.Release|Any CPU.Build.0 = Release|Any CPU
		{D8555EB3-F99F-457D-BE50-336D50C778A8}.Debug|Any CPU.ActiveCfg = Debug|Any CPU
		{D8555EB3-F99F-457D-BE50-336D50C778A8}.Debug|Any CPU.Build.0 = Debug|Any CPU
		{D8555EB3-F99F-457D-BE50-336D50C778A8}.Release|Any CPU.ActiveCfg = Release|Any CPU
		{D8555EB3-F99F-457D-BE50-336D50C778A8}.Release|Any CPU.Build.0 = Release|Any CPU
	EndGlobalSection
	GlobalSection(SolutionProperties) = preSolution
		HideSolutionNode = FALSE
	EndGlobalSection
	GlobalSection(ExtensibilityGlobals) = postSolution
		SolutionGuid = {42815A07-7353-43E5-8DDD-92808221F7E6}
	EndGlobalSection
EndGlobal
